
Microsoft Visual Studio Solution File, Format Version 12.00
# Visual Studio Version 16
VisualStudioVersion = 16.0.29521.150
MinimumVisualStudioVersion = 10.0.40219.1
Project("{FAE04EC0-301F-11D3-BF4B-00C04F79EFBC}") = "WebApp", "WebApp\WebApp.csproj", "{21FB267D-3695-431B-A551-D489F5A10E21}"
EndProject
Project("{FAE04EC0-301F-11D3-BF4B-00C04F79EFBC}") = "Domain", "Domain\Domain.csproj", "{CC2C0F41-59DF-4305-B2B4-5224123CF2E6}"
EndProject
Global
	GlobalSection(SolutionConfigurationPlatforms) = preSolution
		Debug|Any CPU = Debug|Any CPU
		Release|Any CPU = Release|Any CPU
	EndGlobalSection
	GlobalSection(ProjectConfigurationPlatforms) = postSolution
		{21FB267D-3695-431B-A551-D489F5A10E21}.Debug|Any CPU.ActiveCfg = Debug|Any CPU
		{21FB267D-3695-431B-A551-D489F5A10E21}.Debug|Any CPU.Build.0 = Debug|Any CPU
		{21FB267D-3695-431B-A551-D489F5A10E21}.Release|Any CPU.ActiveCfg = Release|Any CPU
		{21FB267D-3695-431B-A551-D489F5A10E21}.Release|Any CPU.Build.0 = Release|Any CPU
		{CC2C0F41-59DF-4305-B2B4-5224123CF2E6}.Debug|Any CPU.ActiveCfg = Debug|Any CPU
		{CC2C0F41-59DF-4305-B2B4-5224123CF2E6}.Debug|Any CPU.Build.0 = Debug|Any CPU
		{CC2C0F41-59DF-4305-B2B4-5224123CF2E6}.Release|Any CPU.ActiveCfg = Release|Any CPU
		{CC2C0F41-59DF-4305-B2B4-5224123CF2E6}.Release|Any CPU.Build.0 = Release|Any CPU
	EndGlobalSection
	GlobalSection(SolutionProperties) = preSolution
		HideSolutionNode = FALSE
	EndGlobalSection
	GlobalSection(ExtensibilityGlobals) = postSolution
		SolutionGuid = {BD0B02CC-ADC4-4A29-817D-C82D41E01ABD}
	EndGlobalSection
EndGlobal
